# This file is generated by running "yarn install" inside your project.
# Manual changes might be lost - proceed with caution!

__metadata:
  version: 5
  cacheKey: 8

"@babel/helper-plugin-utils@npm:^7.8.0":
  version: 7.10.4
  resolution: "@babel/helper-plugin-utils@npm:7.10.4"
  checksum: 639ed8fc462b97a83226cee6bb081b1d77e7f73e8b033d2592ed107ee41d96601e321e5ea53a33e47469c7f1146b250a3dcda5ab873c7de162ab62120c341a41
  languageName: node
  linkType: hard

"@babel/plugin-syntax-object-rest-spread@npm:^7.8.3":
  version: 7.8.3
  resolution: "@babel/plugin-syntax-object-rest-spread@npm:7.8.3"
  dependencies:
    "@babel/helper-plugin-utils": ^7.8.0
  peerDependencies:
    "@babel/core": ^7.0.0-0
  checksum: fddcf581a57f77e80eb6b981b10658421bc321ba5f0a5b754118c6a92a5448f12a0c336f77b8abf734841e102e5126d69110a306eadb03ca3e1547cab31f5cbf
  languageName: node
  linkType: hard

"@babel/runtime@npm:^7.12.1":
  version: 7.12.5
  resolution: "@babel/runtime@npm:7.12.5"
  dependencies:
    regenerator-runtime: ^0.13.4
  checksum: 64964a0fd172917fc5faac56bea5f0e6ec6200973e4ed6373e114f23f8cd6f113be31a6559fadfdd4f62071559e05d00a391760876a00345ea7813356c880209
  languageName: node
  linkType: hard

"@reduxjs/toolkit@npm:^1.5.1":
  version: 1.5.1
  resolution: "@reduxjs/toolkit@npm:1.5.1"
  dependencies:
    immer: ^8.0.1
    redux: ^4.0.0
    redux-thunk: ^2.3.0
    reselect: ^4.0.0
  checksum: 5cdabdf04c3da3b7c5b86136e44325f7b185fb1b812bc432026781c888c3031730429282382eddeefc8bae1f38f6db01e84cbbc51c2d3f0c7a800a35f129dc18
  languageName: node
  linkType: hard

"@types/hoist-non-react-statics@npm:^3.3.0":
  version: 3.3.1
  resolution: "@types/hoist-non-react-statics@npm:3.3.1"
  dependencies:
    "@types/react": "*"
    hoist-non-react-statics: ^3.3.0
  checksum: 2c0778570d9a01d05afabc781b32163f28409bb98f7245c38d5eaf082416fdb73034003f5825eb5e21313044e8d2d9e1f3fe2831e345d3d1b1d20bcd12270719
  languageName: node
  linkType: hard

"@types/prop-types@npm:*":
  version: 15.7.3
  resolution: "@types/prop-types@npm:15.7.3"
  checksum: 41831d53c44c9eeafdaf9762bcb4553c13a3bbf990745ed9065a1cc3581b80633113b53fd49b202bf51731b258da5d0a9aa09c9035d5af7f78b0f6bc273f1325
  languageName: node
  linkType: hard

"@types/react-redux@npm:^7.1.16":
  version: 7.1.16
  resolution: "@types/react-redux@npm:7.1.16"
  dependencies:
    "@types/hoist-non-react-statics": ^3.3.0
    "@types/react": "*"
    hoist-non-react-statics: ^3.3.0
    redux: ^4.0.0
  checksum: c07ee677be781df70aa6209d4152373ec470f6c99b50051e302add8b57d49e89322250959bf9e192738cccc5dbbe05c77514339a45b46ec973c8326227408f26
  languageName: node
  linkType: hard

"@types/react@npm:*":
  version: 17.0.4
  resolution: "@types/react@npm:17.0.4"
  dependencies:
    "@types/prop-types": "*"
    "@types/scheduler": "*"
    csstype: ^3.0.2
  checksum: aad210a65712e3ffe6ee0896d1033d812e64da710810e03bd5643fec0b6a15acd66790120b96ca41f7413cccff062ccca8505135dc95bf5bcd0cbdec80101fa5
  languageName: node
  linkType: hard

"@types/scheduler@npm:*":
  version: 0.16.1
  resolution: "@types/scheduler@npm:0.16.1"
  checksum: 2ff8034df029a6cbb3623b05fa895cac4fc504806a8e948ebe29675a1edfa5ac04faac7611016076b3ffefc2037bbe344ad1978304059b2d4c78e513ec43c7bf
  languageName: node
  linkType: hard

"csstype@npm:^3.0.2":
  version: 3.0.8
  resolution: "csstype@npm:3.0.8"
  checksum: 5939a003858a31a32cbc52a8f45496aa0c2bcb4629b21c5bc14a7ddcac1a3d4adfd655f56843dc14940f60563378e9444af2c9c373b3f212601b9eeb6740b8db
  languageName: node
  linkType: hard

"hoist-non-react-statics@npm:^3.3.0, hoist-non-react-statics@npm:^3.3.2":
  version: 3.3.2
  resolution: "hoist-non-react-statics@npm:3.3.2"
  dependencies:
    react-is: ^16.7.0
  checksum: b1538270429b13901ee586aa44f4cc3ecd8831c061d06cb8322e50ea17b3f5ce4d0e2e66394761e6c8e152cd8c34fb3b4b690116c6ce2bd45b18c746516cb9e8
  languageName: node
  linkType: hard

"immer@npm:^8.0.1":
  version: 8.0.4
  resolution: "immer@npm:8.0.4"
  checksum: 9d3b28df1ac5bf6918c611e71c15bdb136588c21a3431100448f21325fef9b055cc9a44fe8b023f0c5ecbc66a2ba38f403c9a67d581f613b49d0e4ff15564f79
  languageName: node
  linkType: hard

"js-tokens@npm:^3.0.0 || ^4.0.0":
  version: 4.0.0
  resolution: "js-tokens@npm:4.0.0"
  checksum: 8a95213a5a77deb6cbe94d86340e8d9ace2b93bc367790b260101d2f36a2eaf4e4e22d9fa9cf459b38af3a32fb4190e638024cf82ec95ef708680e405ea7cc78
  languageName: node
  linkType: hard

"loose-envify@npm:^1.1.0, loose-envify@npm:^1.4.0":
  version: 1.4.0
  resolution: "loose-envify@npm:1.4.0"
  dependencies:
    js-tokens: ^3.0.0 || ^4.0.0
  bin:
    loose-envify: cli.js
  checksum: 6517e24e0cad87ec9888f500c5b5947032cdfe6ef65e1c1936a0c48a524b81e65542c9c3edc91c97d5bddc806ee2a985dbc79be89215d613b1de5db6d1cfe6f4
  languageName: node
  linkType: hard

"object-assign@npm:^4.1.1":
  version: 4.1.1
  resolution: "object-assign@npm:4.1.1"
  checksum: fcc6e4ea8c7fe48abfbb552578b1c53e0d194086e2e6bbbf59e0a536381a292f39943c6e9628af05b5528aa5e3318bb30d6b2e53cadaf5b8fe9e12c4b69af23f
  languageName: node
  linkType: hard

"prop-types@npm:^15.7.2":
  version: 15.7.2
  resolution: "prop-types@npm:15.7.2"
  dependencies:
    loose-envify: ^1.4.0
    object-assign: ^4.1.1
    react-is: ^16.8.1
  checksum: 5eef82fdda64252c7e75aa5c8cc28a24bbdece0f540adb60ce67c205cf978a5bd56b83e4f269f91c6e4dcfd80b36f2a2dec24d362e278913db2086ca9c6f9430
  languageName: node
  linkType: hard

"react-dom@npm:^17.0.2":
  version: 17.0.2
  resolution: "react-dom@npm:17.0.2"
  dependencies:
    loose-envify: ^1.1.0
    object-assign: ^4.1.1
    scheduler: ^0.20.2
  peerDependencies:
    react: 17.0.2
  checksum: 1c1eaa3bca7c7228d24b70932e3d7c99e70d1d04e13bb0843bbf321582bc25d7961d6b8a6978a58a598af2af496d1cedcfb1bf65f6b0960a0a8161cb8dab743c
  languageName: node
  linkType: hard

"react-is@npm:^16.13.1, react-is@npm:^16.7.0, react-is@npm:^16.8.1":
  version: 16.13.1
  resolution: "react-is@npm:16.13.1"
  checksum: f7a19ac3496de32ca9ae12aa030f00f14a3d45374f1ceca0af707c831b2a6098ef0d6bdae51bd437b0a306d7f01d4677fcc8de7c0d331eb47ad0f46130e53c5f
  languageName: node
  linkType: hard

"react-redux@npm:^7.2.4":
  version: 7.2.4
  resolution: "react-redux@npm:7.2.4"
  dependencies:
    "@babel/runtime": ^7.12.1
    "@types/react-redux": ^7.1.16
    hoist-non-react-statics: ^3.3.2
    loose-envify: ^1.4.0
    prop-types: ^15.7.2
    react-is: ^16.13.1
  peerDependencies:
    react: ^16.8.3 || ^17
  peerDependenciesMeta:
    react-dom:
      optional: true
    react-native:
      optional: true
  checksum: 214fa1a4811f95090b77d96ec7114c322adf388b6d086ebebf50cdaf03549758037283f953d2b920cf6ee2f6ffad8f35e92f1ab959b3f2c957f5075d00e16d0a
  languageName: node
  linkType: hard

"react-scripts@link:../node_modules/react-scripts::locator=use-redux-states-example%40workspace%3A.":
  version: 0.0.0-use.local
  resolution: "react-scripts@link:../node_modules/react-scripts::locator=use-redux-states-example%40workspace%3A."
  languageName: node
  linkType: soft

"react@link:../node_modules/react::locator=use-redux-states-example%40workspace%3A.":
  version: 0.0.0-use.local
  resolution: "react@link:../node_modules/react::locator=use-redux-states-example%40workspace%3A."
  languageName: node
  linkType: soft

"redux-thunk@npm:^2.3.0":
  version: 2.3.0
  resolution: "redux-thunk@npm:2.3.0"
  checksum: d13f442ffc91249b534bf14884c33feff582894be2562169637dc9d4d70aec6423bfe6d66f88c46ac027ac1c0cd07d6c2dd4a61cf7695b8e43491de679df9bcf
  languageName: node
  linkType: hard

"redux@npm:^4.0.0":
  version: 4.0.5
  resolution: "redux@npm:4.0.5"
  dependencies:
    loose-envify: ^1.4.0
    symbol-observable: ^1.2.0
  checksum: 23689ba4318bfffd4517c8c8d49c5e9a7df1b864b3cf4a4784e10060652e28054586a4a64053d1252ae5f105da61cda03fe01a422b05a053c8604b1be1689d16
  languageName: node
  linkType: hard

"regenerator-runtime@npm:^0.13.4":
  version: 0.13.7
  resolution: "regenerator-runtime@npm:0.13.7"
  checksum: 52b66e6669152c0b1bccd95c8e11aabbfe67bb97bdf00e223bdf723b0f0052d4da5c02001d4c4bef576bdc5bcdc38a20496d1b5363b65c950c8434ed5071d9e0
  languageName: node
  linkType: hard

"reselect@npm:^4.0.0":
  version: 4.0.0
  resolution: "reselect@npm:4.0.0"
  checksum: ac7dfc9ef2cdb42b6fc87a856f3ce904c2e4363a2bc1e6fb7eea5f78902a6f506e4388e6509752984877c6dbfe501100c076671d334799eb5a1bfe9936cb2c12
  languageName: node
  linkType: hard

"scheduler@npm:^0.20.2":
  version: 0.20.2
  resolution: "scheduler@npm:0.20.2"
  dependencies:
    loose-envify: ^1.1.0
    object-assign: ^4.1.1
  checksum: c4b35cf967c8f0d3e65753252d0f260271f81a81e427241295c5a7b783abf4ea9e905f22f815ab66676f5313be0a25f47be582254db8f9241b259213e999b8fc
  languageName: node
  linkType: hard

"symbol-observable@npm:^1.2.0":
  version: 1.2.0
  resolution: "symbol-observable@npm:1.2.0"
  checksum: 48ffbc22e3d75f9853b3ff2ae94a44d84f386415110aea5effc24d84c502e03a4a6b7a8f75ebaf7b585780bda34eb5d6da3121f826a6f93398429d30032971b6
  languageName: node
  linkType: hard

"use-redux-states-example@workspace:.":
  version: 0.0.0-use.local
  resolution: "use-redux-states-example@workspace:."
  dependencies:
    "@babel/plugin-syntax-object-rest-spread": ^7.8.3
    "@reduxjs/toolkit": ^1.5.1
    react: "link:../node_modules/react"
    react-dom: ^17.0.2
    react-redux: ^7.2.4
    react-scripts: "link:../node_modules/react-scripts"
    use-redux-states: "link:.."
  languageName: unknown
  linkType: soft

"use-redux-states@link:..::locator=use-redux-states-example%40workspace%3A.":
  version: 0.0.0-use.local
  resolution: "use-redux-states@link:..::locator=use-redux-states-example%40workspace%3A."
  languageName: node
  linkType: soft
